
Microsoft Visual Studio Solution File, Format Version 12.00
# Visual Studio 15
VisualStudioVersion = 15.0.28307.489
MinimumVisualStudioVersion = 10.0.40219.1
Project("{FAE04EC0-301F-11D3-BF4B-00C04F79EFBC}") = "Asp.Net-Core-WebApi-Frank", "Asp.Net-Core-WebApi-Frank\Asp.Net-Core-WebApi-Frank.csproj", "{3132C58E-61F0-4FAA-AB2A-C76DC9C13F3B}"
EndProject
Global
	GlobalSection(SolutionConfigurationPlatforms) = preSolution
		Debug|Any CPU = Debug|Any CPU
		Release|Any CPU = Release|Any CPU
	EndGlobalSection
	GlobalSection(ProjectConfigurationPlatforms) = postSolution
		{3132C58E-61F0-4FAA-AB2A-C76DC9C13F3B}.Debug|Any CPU.ActiveCfg = Debug|Any CPU
		{3132C58E-61F0-4FAA-AB2A-C76DC9C13F3B}.Debug|Any CPU.Build.0 = Debug|Any CPU
		{3132C58E-61F0-4FAA-AB2A-C76DC9C13F3B}.Release|Any CPU.ActiveCfg = Release|Any CPU
		{3132C58E-61F0-4FAA-AB2A-C76DC9C13F3B}.Release|Any CPU.Build.0 = Release|Any CPU
	EndGlobalSection
	GlobalSection(SolutionProperties) = preSolution
		HideSolutionNode = FALSE
	EndGlobalSection
	GlobalSection(ExtensibilityGlobals) = postSolution
		SolutionGuid = {4D1F63B9-B1CD-419A-B338-3EA08D1CCB89}
	EndGlobalSection
EndGlobal
